
Microsoft Visual Studio Solution File, Format Version 12.00
# Visual Studio 15
VisualStudioVersion = 15.0.27428.2037
MinimumVisualStudioVersion = 10.0.40219.1
Project("{2150E333-8FDC-42A3-9474-1A3956D46DE8}") = "src", "src", "{9E70EE61-08C0-43C3-83E4-AFAB7C32801E}"
EndProject
Project("{FAE04EC0-301F-11D3-BF4B-00C04F79EFBC}") = "csConsoleApplicationSCU_AT", "src\at\csConsoleApplicationSCU_AT\csConsoleApplicationSCU_AT.csproj", "{1651AEAC-E4B3-4B59-8A63-9B1398D018A2}"
EndProject
Global
	GlobalSection(SolutionConfigurationPlatforms) = preSolution
		Debug|Any CPU = Debug|Any CPU
		Release|Any CPU = Release|Any CPU
	EndGlobalSection
	GlobalSection(ProjectConfigurationPlatforms) = postSolution
		{1651AEAC-E4B3-4B59-8A63-9B1398D018A2}.Debug|Any CPU.ActiveCfg = Debug|Any CPU
		{1651AEAC-E4B3-4B59-8A63-9B1398D018A2}.Debug|Any CPU.Build.0 = Debug|Any CPU
		{1651AEAC-E4B3-4B59-8A63-9B1398D018A2}.Release|Any CPU.ActiveCfg = Release|Any CPU
		{1651AEAC-E4B3-4B59-8A63-9B1398D018A2}.Release|Any CPU.Build.0 = Release|Any CPU
	EndGlobalSection
	GlobalSection(SolutionProperties) = preSolution
		HideSolutionNode = FALSE
	EndGlobalSection
	GlobalSection(NestedProjects) = preSolution
		{1651AEAC-E4B3-4B59-8A63-9B1398D018A2} = {9E70EE61-08C0-43C3-83E4-AFAB7C32801E}
	EndGlobalSection
	GlobalSection(ExtensibilityGlobals) = postSolution
		SolutionGuid = {95074C61-CC97-4E47-9D25-BE06B1E0D253}
	EndGlobalSection
EndGlobal
