
Microsoft Visual Studio Solution File, Format Version 12.00
# Visual Studio 15
VisualStudioVersion = 15.0.27428.2037
MinimumVisualStudioVersion = 10.0.40219.1
Project("{2150E333-8FDC-42A3-9474-1A3956D46DE8}") = "src", "src", "{995A6863-8B8C-4287-80C3-61F6F72E8E46}"
EndProject
Project("{2150E333-8FDC-42A3-9474-1A3956D46DE8}") = "test", "test", "{342E9F6B-C35A-405E-94AE-2E6B18385604}"
EndProject
Project("{2150E333-8FDC-42A3-9474-1A3956D46DE8}") = "at", "at", "{3EBCE2FA-839D-4DEB-83A1-1DFAF93C9360}"
EndProject
Project("{2150E333-8FDC-42A3-9474-1A3956D46DE8}") = "common", "common", "{EC572081-D920-4B98-8303-DE9A1504540B}"
EndProject
Project("{2150E333-8FDC-42A3-9474-1A3956D46DE8}") = "fr", "fr", "{BA979D2A-62BA-401A-9FBF-91BB23B6C7E0}"
EndProject
Project("{FAE04EC0-301F-11D3-BF4B-00C04F79EFBC}") = "csConsoleApplicationREST_AT", "src\at\csConsoleApplicationREST_AT\csConsoleApplicationREST_AT.csproj", "{EB208453-B622-4F7C-BBF5-92958ADE404F}"
EndProject
Project("{FAE04EC0-301F-11D3-BF4B-00C04F79EFBC}") = "csConsoleApplicationSOAP_AT", "src\at\csConsoleApplicationSOAP_AT\csConsoleApplicationSOAP_AT.csproj", "{38263DB6-F397-45CF-BB60-B15EBAB22958}"
EndProject
Project("{FAE04EC0-301F-11D3-BF4B-00C04F79EFBC}") = "csConsoleApplicationJournalREST", "src\common\csConsoleApplicationJournalREST\csConsoleApplicationJournalREST.csproj", "{8682A2D7-0A92-44C0-B6D0-F0643B9326F4}"
EndProject
Project("{FAE04EC0-301F-11D3-BF4B-00C04F79EFBC}") = "csConsoleApplicationJournalSOAP", "src\common\csConsoleApplicationJournalSOAP\csConsoleApplicationJournalSOAP.csproj", "{35DBA281-0AEF-4F8C-8901-DA22FD5309CD}"
EndProject
Project("{FAE04EC0-301F-11D3-BF4B-00C04F79EFBC}") = "csConsoleApplicationREST_FR", "src\fr\csConsoleApplicationREST_FR\csConsoleApplicationREST_FR.csproj", "{2F50D61B-9BEE-46BA-B9BE-BFEBF55D13F5}"
EndProject
Project("{FAE04EC0-301F-11D3-BF4B-00C04F79EFBC}") = "csConsoleApplicationSOAP_FR", "src\fr\csConsoleApplicationSOAP_FR\csConsoleApplicationSOAP_FR.csproj", "{8FCD235F-601C-4153-95A2-8F412D20E61B}"
EndProject
Global
	GlobalSection(SolutionConfigurationPlatforms) = preSolution
		Debug|Any CPU = Debug|Any CPU
		Release|Any CPU = Release|Any CPU
	EndGlobalSection
	GlobalSection(ProjectConfigurationPlatforms) = postSolution
		{EB208453-B622-4F7C-BBF5-92958ADE404F}.Debug|Any CPU.ActiveCfg = Debug|Any CPU
		{EB208453-B622-4F7C-BBF5-92958ADE404F}.Debug|Any CPU.Build.0 = Debug|Any CPU
		{EB208453-B622-4F7C-BBF5-92958ADE404F}.Release|Any CPU.ActiveCfg = Release|Any CPU
		{EB208453-B622-4F7C-BBF5-92958ADE404F}.Release|Any CPU.Build.0 = Release|Any CPU
		{38263DB6-F397-45CF-BB60-B15EBAB22958}.Debug|Any CPU.ActiveCfg = Debug|Any CPU
		{38263DB6-F397-45CF-BB60-B15EBAB22958}.Debug|Any CPU.Build.0 = Debug|Any CPU
		{38263DB6-F397-45CF-BB60-B15EBAB22958}.Release|Any CPU.ActiveCfg = Release|Any CPU
		{38263DB6-F397-45CF-BB60-B15EBAB22958}.Release|Any CPU.Build.0 = Release|Any CPU
		{8682A2D7-0A92-44C0-B6D0-F0643B9326F4}.Debug|Any CPU.ActiveCfg = Debug|Any CPU
		{8682A2D7-0A92-44C0-B6D0-F0643B9326F4}.Debug|Any CPU.Build.0 = Debug|Any CPU
		{8682A2D7-0A92-44C0-B6D0-F0643B9326F4}.Release|Any CPU.ActiveCfg = Release|Any CPU
		{8682A2D7-0A92-44C0-B6D0-F0643B9326F4}.Release|Any CPU.Build.0 = Release|Any CPU
		{35DBA281-0AEF-4F8C-8901-DA22FD5309CD}.Debug|Any CPU.ActiveCfg = Debug|Any CPU
		{35DBA281-0AEF-4F8C-8901-DA22FD5309CD}.Debug|Any CPU.Build.0 = Debug|Any CPU
		{35DBA281-0AEF-4F8C-8901-DA22FD5309CD}.Release|Any CPU.ActiveCfg = Release|Any CPU
		{35DBA281-0AEF-4F8C-8901-DA22FD5309CD}.Release|Any CPU.Build.0 = Release|Any CPU
		{2F50D61B-9BEE-46BA-B9BE-BFEBF55D13F5}.Debug|Any CPU.ActiveCfg = Debug|Any CPU
		{2F50D61B-9BEE-46BA-B9BE-BFEBF55D13F5}.Debug|Any CPU.Build.0 = Debug|Any CPU
		{2F50D61B-9BEE-46BA-B9BE-BFEBF55D13F5}.Release|Any CPU.ActiveCfg = Release|Any CPU
		{2F50D61B-9BEE-46BA-B9BE-BFEBF55D13F5}.Release|Any CPU.Build.0 = Release|Any CPU
		{8FCD235F-601C-4153-95A2-8F412D20E61B}.Debug|Any CPU.ActiveCfg = Debug|Any CPU
		{8FCD235F-601C-4153-95A2-8F412D20E61B}.Debug|Any CPU.Build.0 = Debug|Any CPU
		{8FCD235F-601C-4153-95A2-8F412D20E61B}.Release|Any CPU.ActiveCfg = Release|Any CPU
		{8FCD235F-601C-4153-95A2-8F412D20E61B}.Release|Any CPU.Build.0 = Release|Any CPU
	EndGlobalSection
	GlobalSection(SolutionProperties) = preSolution
		HideSolutionNode = FALSE
	EndGlobalSection
	GlobalSection(NestedProjects) = preSolution
		{3EBCE2FA-839D-4DEB-83A1-1DFAF93C9360} = {995A6863-8B8C-4287-80C3-61F6F72E8E46}
		{EC572081-D920-4B98-8303-DE9A1504540B} = {995A6863-8B8C-4287-80C3-61F6F72E8E46}
		{BA979D2A-62BA-401A-9FBF-91BB23B6C7E0} = {995A6863-8B8C-4287-80C3-61F6F72E8E46}
		{EB208453-B622-4F7C-BBF5-92958ADE404F} = {3EBCE2FA-839D-4DEB-83A1-1DFAF93C9360}
		{38263DB6-F397-45CF-BB60-B15EBAB22958} = {3EBCE2FA-839D-4DEB-83A1-1DFAF93C9360}
		{8682A2D7-0A92-44C0-B6D0-F0643B9326F4} = {EC572081-D920-4B98-8303-DE9A1504540B}
		{35DBA281-0AEF-4F8C-8901-DA22FD5309CD} = {EC572081-D920-4B98-8303-DE9A1504540B}
		{2F50D61B-9BEE-46BA-B9BE-BFEBF55D13F5} = {BA979D2A-62BA-401A-9FBF-91BB23B6C7E0}
		{8FCD235F-601C-4153-95A2-8F412D20E61B} = {BA979D2A-62BA-401A-9FBF-91BB23B6C7E0}
	EndGlobalSection
	GlobalSection(ExtensibilityGlobals) = postSolution
		SolutionGuid = {6C837641-9F2F-41CF-AF16-8143715FA4FE}
	EndGlobalSection
EndGlobal
