
Microsoft Visual Studio Solution File, Format Version 12.00
# Visual Studio Version 16
VisualStudioVersion = 16.0.28917.181
MinimumVisualStudioVersion = 10.0.40219.1
Project("{FAE04EC0-301F-11D3-BF4B-00C04F79EFBC}") = "csConsoleApplicationSOAPv1_DE", "src\de\csConsoleApplicationSOAPv1_DE\csConsoleApplicationSOAPv1_DE.csproj", "{2BD06293-903D-4072-843D-06FC9B87AB3C}"
EndProject
Global
	GlobalSection(SolutionConfigurationPlatforms) = preSolution
		Debug|Any CPU = Debug|Any CPU
		Release|Any CPU = Release|Any CPU
	EndGlobalSection
	GlobalSection(ProjectConfigurationPlatforms) = postSolution
		{2BD06293-903D-4072-843D-06FC9B87AB3C}.Debug|Any CPU.ActiveCfg = Debug|Any CPU
		{2BD06293-903D-4072-843D-06FC9B87AB3C}.Debug|Any CPU.Build.0 = Debug|Any CPU
		{2BD06293-903D-4072-843D-06FC9B87AB3C}.Release|Any CPU.ActiveCfg = Release|Any CPU
		{2BD06293-903D-4072-843D-06FC9B87AB3C}.Release|Any CPU.Build.0 = Release|Any CPU
	EndGlobalSection
	GlobalSection(SolutionProperties) = preSolution
		HideSolutionNode = FALSE
	EndGlobalSection
	GlobalSection(ExtensibilityGlobals) = postSolution
		SolutionGuid = {E9737030-EA03-44C7-BFBD-4BD860571B5A}
	EndGlobalSection
EndGlobal
